
Microsoft Visual Studio Solution File, Format Version 12.00
# Visual Studio Version 17
VisualStudioVersion = 17.11.35219.272
MinimumVisualStudioVersion = 10.0.40219.1
Project("{FAE04EC0-301F-11D3-BF4B-00C04F79EFBC}") = "GitTest", "GitTest\GitTest.csproj", "{2CDBEAB5-6AED-41AC-ABD0-21E8F6ABFBD3}"
EndProject
Global
	GlobalSection(SolutionConfigurationPlatforms) = preSolution
		Debug|Any CPU = Debug|Any CPU
		Release|Any CPU = Release|Any CPU
	EndGlobalSection
	GlobalSection(ProjectConfigurationPlatforms) = postSolution
		{2CDBEAB5-6AED-41AC-ABD0-21E8F6ABFBD3}.Debug|Any CPU.ActiveCfg = Debug|Any CPU
		{2CDBEAB5-6AED-41AC-ABD0-21E8F6ABFBD3}.Debug|Any CPU.Build.0 = Debug|Any CPU
		{2CDBEAB5-6AED-41AC-ABD0-21E8F6ABFBD3}.Release|Any CPU.ActiveCfg = Release|Any CPU
		{2CDBEAB5-6AED-41AC-ABD0-21E8F6ABFBD3}.Release|Any CPU.Build.0 = Release|Any CPU
	EndGlobalSection
	GlobalSection(SolutionProperties) = preSolution
		HideSolutionNode = FALSE
	EndGlobalSection
	GlobalSection(ExtensibilityGlobals) = postSolution
		SolutionGuid = {5A1BD4E1-8377-45F1-BD28-BD453F960E43}
	EndGlobalSection
EndGlobal
